
Microsoft Visual Studio Solution File, Format Version 12.00
# Visual Studio Version 17
VisualStudioVersion = 17.5.33530.505
MinimumVisualStudioVersion = 10.0.40219.1
Project("{9A19103F-16F7-4668-BE54-9A1E7A4F7556}") = "SLCommandScript", "SLCommandScript\SLCommandScript.csproj", "{548AEDBF-FDBE-4F43-A0C0-1108CF91AC6E}"
EndProject
Project("{9A19103F-16F7-4668-BE54-9A1E7A4F7556}") = "SLCommandScript.Core", "SLCommandScript.Core\SLCommandScript.Core.csproj", "{8601C762-8DE1-474E-A43F-0D201A2EC251}"
EndProject
Project("{9A19103F-16F7-4668-BE54-9A1E7A4F7556}") = "SLCommandScript.Core.UnitTests", "SLCommandScript.Core.UnitTests\SLCommandScript.Core.UnitTests.csproj", "{4085D0D0-A19D-458A-90CB-5B4E980849F6}"
EndProject
Project("{9A19103F-16F7-4668-BE54-9A1E7A4F7556}") = "SLCommandScript.FileScriptsLoader", "SLCommandScript.FileScriptsLoader\SLCommandScript.FileScriptsLoader.csproj", "{2F29EFF0-A85B-4D7D-86E9-68EECC16BD34}"
EndProject
Project("{9A19103F-16F7-4668-BE54-9A1E7A4F7556}") = "SLCommandScript.FileScriptsLoader.UnitTests", "SLCommandScript.FileScriptsLoader.UnitTests\SLCommandScript.FileScriptsLoader.UnitTests.csproj", "{3CCF8168-B38F-4435-8D4B-86A1463D28E6}"
EndProject
Project("{9A19103F-16F7-4668-BE54-9A1E7A4F7556}") = "SLCommandScript.UnitTests", "SLCommandScript.UnitTests\SLCommandScript.UnitTests.csproj", "{4E15510B-EA42-43BA-AD44-471DB9E649C9}"
EndProject
Project("{2150E333-8FDC-42A3-9474-1A3956D46DE8}") = "Solution Items", "Solution Items", "{0D248410-C70E-4262-8D5F-E748C5E661FB}"
	ProjectSection(SolutionItems) = preProject
		.gitattributes = .gitattributes
		.gitignore = .gitignore
		CHANGELOG.md = CHANGELOG.md
		Grammar.txt = Grammar.txt
		LICENSE = LICENSE
		README.md = README.md
		SECURITY.md = SECURITY.md
	EndProjectSection
EndProject
Project("{2150E333-8FDC-42A3-9474-1A3956D46DE8}") = "Automation", "Automation", "{81E32989-D51B-4356-8601-2BF99729BDC3}"
	ProjectSection(SolutionItems) = preProject
		.github\workflows\build.yml = .github\workflows\build.yml
		.github\dependabot.yml = .github\dependabot.yml
		.github\workflows\publish.yml = .github\workflows\publish.yml
	EndProjectSection
EndProject
Project("{2150E333-8FDC-42A3-9474-1A3956D46DE8}") = "Templates", "Templates", "{1D21D72F-5E0E-479E-B61F-281DA3BB32A8}"
	ProjectSection(SolutionItems) = preProject
		.github\ISSUE_TEMPLATE\bug_report.md = .github\ISSUE_TEMPLATE\bug_report.md
		.github\ISSUE_TEMPLATE\feature_request.md = .github\ISSUE_TEMPLATE\feature_request.md
		.github\pull_request_template.md = .github\pull_request_template.md
	EndProjectSection
EndProject
Project("{9A19103F-16F7-4668-BE54-9A1E7A4F7556}") = "SLCommandScript.TestUtils", "SLCommandScript.TestUtils\SLCommandScript.TestUtils.csproj", "{6A4A0425-B8F6-4712-99C6-71482E4E28EB}"
EndProject
Global
	GlobalSection(SolutionConfigurationPlatforms) = preSolution
		Debug|Any CPU = Debug|Any CPU
		Release|Any CPU = Release|Any CPU
	EndGlobalSection
	GlobalSection(ProjectConfigurationPlatforms) = postSolution
		{548AEDBF-FDBE-4F43-A0C0-1108CF91AC6E}.Debug|Any CPU.ActiveCfg = Release|Any CPU
		{548AEDBF-FDBE-4F43-A0C0-1108CF91AC6E}.Debug|Any CPU.Build.0 = Release|Any CPU
		{548AEDBF-FDBE-4F43-A0C0-1108CF91AC6E}.Release|Any CPU.ActiveCfg = Release|Any CPU
		{548AEDBF-FDBE-4F43-A0C0-1108CF91AC6E}.Release|Any CPU.Build.0 = Release|Any CPU
		{8601C762-8DE1-474E-A43F-0D201A2EC251}.Debug|Any CPU.ActiveCfg = Release|Any CPU
		{8601C762-8DE1-474E-A43F-0D201A2EC251}.Debug|Any CPU.Build.0 = Release|Any CPU
		{8601C762-8DE1-474E-A43F-0D201A2EC251}.Release|Any CPU.ActiveCfg = Release|Any CPU
		{8601C762-8DE1-474E-A43F-0D201A2EC251}.Release|Any CPU.Build.0 = Release|Any CPU
		{4085D0D0-A19D-458A-90CB-5B4E980849F6}.Debug|Any CPU.ActiveCfg = Release|Any CPU
		{4085D0D0-A19D-458A-90CB-5B4E980849F6}.Debug|Any CPU.Build.0 = Release|Any CPU
		{4085D0D0-A19D-458A-90CB-5B4E980849F6}.Release|Any CPU.ActiveCfg = Release|Any CPU
		{4085D0D0-A19D-458A-90CB-5B4E980849F6}.Release|Any CPU.Build.0 = Release|Any CPU
		{2F29EFF0-A85B-4D7D-86E9-68EECC16BD34}.Debug|Any CPU.ActiveCfg = Release|Any CPU
		{2F29EFF0-A85B-4D7D-86E9-68EECC16BD34}.Debug|Any CPU.Build.0 = Release|Any CPU
		{2F29EFF0-A85B-4D7D-86E9-68EECC16BD34}.Release|Any CPU.ActiveCfg = Release|Any CPU
		{2F29EFF0-A85B-4D7D-86E9-68EECC16BD34}.Release|Any CPU.Build.0 = Release|Any CPU
		{3CCF8168-B38F-4435-8D4B-86A1463D28E6}.Debug|Any CPU.ActiveCfg = Release|Any CPU
		{3CCF8168-B38F-4435-8D4B-86A1463D28E6}.Debug|Any CPU.Build.0 = Release|Any CPU
		{3CCF8168-B38F-4435-8D4B-86A1463D28E6}.Release|Any CPU.ActiveCfg = Release|Any CPU
		{3CCF8168-B38F-4435-8D4B-86A1463D28E6}.Release|Any CPU.Build.0 = Release|Any CPU
		{4E15510B-EA42-43BA-AD44-471DB9E649C9}.Debug|Any CPU.ActiveCfg = Release|Any CPU
		{4E15510B-EA42-43BA-AD44-471DB9E649C9}.Debug|Any CPU.Build.0 = Release|Any CPU
		{4E15510B-EA42-43BA-AD44-471DB9E649C9}.Release|Any CPU.ActiveCfg = Release|Any CPU
		{4E15510B-EA42-43BA-AD44-471DB9E649C9}.Release|Any CPU.Build.0 = Release|Any CPU
		{6A4A0425-B8F6-4712-99C6-71482E4E28EB}.Debug|Any CPU.ActiveCfg = Release|Any CPU
		{6A4A0425-B8F6-4712-99C6-71482E4E28EB}.Debug|Any CPU.Build.0 = Release|Any CPU
		{6A4A0425-B8F6-4712-99C6-71482E4E28EB}.Release|Any CPU.ActiveCfg = Release|Any CPU
		{6A4A0425-B8F6-4712-99C6-71482E4E28EB}.Release|Any CPU.Build.0 = Release|Any CPU
	EndGlobalSection
	GlobalSection(SolutionProperties) = preSolution
		HideSolutionNode = FALSE
	EndGlobalSection
	GlobalSection(NestedProjects) = preSolution
		{81E32989-D51B-4356-8601-2BF99729BDC3} = {0D248410-C70E-4262-8D5F-E748C5E661FB}
		{1D21D72F-5E0E-479E-B61F-281DA3BB32A8} = {0D248410-C70E-4262-8D5F-E748C5E661FB}
	EndGlobalSection
	GlobalSection(ExtensibilityGlobals) = postSolution
		SolutionGuid = {913E1D7B-71E9-42A9-A584-DE0873A6AE41}
	EndGlobalSection
EndGlobal
